
Microsoft Visual Studio Solution File, Format Version 12.00
# Visual Studio 15
VisualStudioVersion = 15.0.28307.645
MinimumVisualStudioVersion = 10.0.40219.1
Project("{FAE04EC0-301F-11D3-BF4B-00C04F79EFBC}") = "Lab15", "Lab15\Lab15.csproj", "{AEB39656-4013-4BE8-899B-5B8CA642E6E1}"
EndProject
Global
	GlobalSection(SolutionConfigurationPlatforms) = preSolution
		Debug|Any CPU = Debug|Any CPU
		Release|Any CPU = Release|Any CPU
	EndGlobalSection
	GlobalSection(ProjectConfigurationPlatforms) = postSolution
		{AEB39656-4013-4BE8-899B-5B8CA642E6E1}.Debug|Any CPU.ActiveCfg = Debug|Any CPU
		{AEB39656-4013-4BE8-899B-5B8CA642E6E1}.Debug|Any CPU.Build.0 = Debug|Any CPU
		{AEB39656-4013-4BE8-899B-5B8CA642E6E1}.Release|Any CPU.ActiveCfg = Release|Any CPU
		{AEB39656-4013-4BE8-899B-5B8CA642E6E1}.Release|Any CPU.Build.0 = Release|Any CPU
	EndGlobalSection
	GlobalSection(SolutionProperties) = preSolution
		HideSolutionNode = FALSE
	EndGlobalSection
	GlobalSection(ExtensibilityGlobals) = postSolution
		SolutionGuid = {DB08A8D1-F2DE-43C2-B261-5BF2E0E98F25}
	EndGlobalSection
EndGlobal
